
Microsoft Visual Studio Solution File, Format Version 12.00
# Visual Studio Version 17
VisualStudioVersion = 17.0.31903.59
MinimumVisualStudioVersion = 10.0.40219.1
Project("{FAE04EC0-301F-11D3-BF4B-00C04F79EFBC}") = "Vexnor.Core", "src\Vexnor.Core\Vexnor.Core.csproj", "{A1B2C3D4-E5F6-7890-ABCD-EF1234567890}"
EndProject
Project("{FAE04EC0-301F-11D3-BF4B-00C04F79EFBC}") = "Vexnor.Postgres", "src\Vexnor.Postgres\Vexnor.Postgres.csproj", "{B2C3D4E5-F6A7-8901-BCDE-F12345678901}"
EndProject
Project("{FAE04EC0-301F-11D3-BF4B-00C04F79EFBC}") = "Vexnor.Core.Tests", "tests\Vexnor.Core.Tests\Vexnor.Core.Tests.csproj", "{C3D4E5F6-A7B8-9012-CDEF-123456789012}"
EndProject
Project("{2150E333-8FDC-42A3-9474-1A3956D46DE8}") = "tests", "tests", "{03E39281-AF9D-4CF9-B3B0-D1EA20FCD0A1}"
EndProject
Project("{FAE04EC0-301F-11D3-BF4B-00C04F79EFBC}") = "Vexnor.Integration.Tests", "tests\Vexnor.Integration.Tests\Vexnor.Integration.Tests.csproj", "{01C061B1-FC65-4BC7-8070-20E0546093A2}"
EndProject
Project("{2150E333-8FDC-42A3-9474-1A3956D46DE8}") = "src", "src", "{827E0CD3-B72D-47B6-A68D-7590B98EB39B}"
EndProject
Project("{FAE04EC0-301F-11D3-BF4B-00C04F79EFBC}") = "Vexnor.Example.Api", "src\Vexnor.Example.Api\Vexnor.Example.Api.csproj", "{5AEC20DF-260F-4F73-8EA6-E7C1178EABBA}"
EndProject
Project("{FAE04EC0-301F-11D3-BF4B-00C04F79EFBC}") = "Vexnor.Mssql", "src\Vexnor.Mssql\Vexnor.Mssql.csproj", "{60A08239-4C5B-4179-B941-E73072085AB1}"
EndProject
Project("{FAE04EC0-301F-11D3-BF4B-00C04F79EFBC}") = "Vexnor.Sqlite3", "src\Vexnor.Sqlite3\Vexnor.Sqlite3.csproj", "{9E18F265-8D2F-4E8E-9DE9-BC3DB1DAFF29}"
EndProject
Global
	GlobalSection(SolutionConfigurationPlatforms) = preSolution
		Debug|Any CPU = Debug|Any CPU
		Debug|x64 = Debug|x64
		Debug|x86 = Debug|x86
		Release|Any CPU = Release|Any CPU
		Release|x64 = Release|x64
		Release|x86 = Release|x86
	EndGlobalSection
	GlobalSection(ProjectConfigurationPlatforms) = postSolution
		{A1B2C3D4-E5F6-7890-ABCD-EF1234567890}.Debug|Any CPU.ActiveCfg = Debug|Any CPU
		{A1B2C3D4-E5F6-7890-ABCD-EF1234567890}.Debug|Any CPU.Build.0 = Debug|Any CPU
		{A1B2C3D4-E5F6-7890-ABCD-EF1234567890}.Debug|x64.ActiveCfg = Debug|Any CPU
		{A1B2C3D4-E5F6-7890-ABCD-EF1234567890}.Debug|x64.Build.0 = Debug|Any CPU
		{A1B2C3D4-E5F6-7890-ABCD-EF1234567890}.Debug|x86.ActiveCfg = Debug|Any CPU
		{A1B2C3D4-E5F6-7890-ABCD-EF1234567890}.Debug|x86.Build.0 = Debug|Any CPU
		{A1B2C3D4-E5F6-7890-ABCD-EF1234567890}.Release|Any CPU.ActiveCfg = Release|Any CPU
		{A1B2C3D4-E5F6-7890-ABCD-EF1234567890}.Release|Any CPU.Build.0 = Release|Any CPU
		{A1B2C3D4-E5F6-7890-ABCD-EF1234567890}.Release|x64.ActiveCfg = Release|Any CPU
		{A1B2C3D4-E5F6-7890-ABCD-EF1234567890}.Release|x64.Build.0 = Release|Any CPU
		{A1B2C3D4-E5F6-7890-ABCD-EF1234567890}.Release|x86.ActiveCfg = Release|Any CPU
		{A1B2C3D4-E5F6-7890-ABCD-EF1234567890}.Release|x86.Build.0 = Release|Any CPU
		{B2C3D4E5-F6A7-8901-BCDE-F12345678901}.Debug|Any CPU.ActiveCfg = Debug|Any CPU
		{B2C3D4E5-F6A7-8901-BCDE-F12345678901}.Debug|Any CPU.Build.0 = Debug|Any CPU
		{B2C3D4E5-F6A7-8901-BCDE-F12345678901}.Debug|x64.ActiveCfg = Debug|Any CPU
		{B2C3D4E5-F6A7-8901-BCDE-F12345678901}.Debug|x64.Build.0 = Debug|Any CPU
		{B2C3D4E5-F6A7-8901-BCDE-F12345678901}.Debug|x86.ActiveCfg = Debug|Any CPU
		{B2C3D4E5-F6A7-8901-BCDE-F12345678901}.Debug|x86.Build.0 = Debug|Any CPU
		{B2C3D4E5-F6A7-8901-BCDE-F12345678901}.Release|Any CPU.ActiveCfg = Release|Any CPU
		{B2C3D4E5-F6A7-8901-BCDE-F12345678901}.Release|Any CPU.Build.0 = Release|Any CPU
		{B2C3D4E5-F6A7-8901-BCDE-F12345678901}.Release|x64.ActiveCfg = Release|Any CPU
		{B2C3D4E5-F6A7-8901-BCDE-F12345678901}.Release|x64.Build.0 = Release|Any CPU
		{B2C3D4E5-F6A7-8901-BCDE-F12345678901}.Release|x86.ActiveCfg = Release|Any CPU
		{B2C3D4E5-F6A7-8901-BCDE-F12345678901}.Release|x86.Build.0 = Release|Any CPU
		{C3D4E5F6-A7B8-9012-CDEF-123456789012}.Debug|Any CPU.ActiveCfg = Debug|Any CPU
		{C3D4E5F6-A7B8-9012-CDEF-123456789012}.Debug|Any CPU.Build.0 = Debug|Any CPU
		{C3D4E5F6-A7B8-9012-CDEF-123456789012}.Debug|x64.ActiveCfg = Debug|Any CPU
		{C3D4E5F6-A7B8-9012-CDEF-123456789012}.Debug|x64.Build.0 = Debug|Any CPU
		{C3D4E5F6-A7B8-9012-CDEF-123456789012}.Debug|x86.ActiveCfg = Debug|Any CPU
		{C3D4E5F6-A7B8-9012-CDEF-123456789012}.Debug|x86.Build.0 = Debug|Any CPU
		{C3D4E5F6-A7B8-9012-CDEF-123456789012}.Release|Any CPU.ActiveCfg = Release|Any CPU
		{C3D4E5F6-A7B8-9012-CDEF-123456789012}.Release|Any CPU.Build.0 = Release|Any CPU
		{C3D4E5F6-A7B8-9012-CDEF-123456789012}.Release|x64.ActiveCfg = Release|Any CPU
		{C3D4E5F6-A7B8-9012-CDEF-123456789012}.Release|x64.Build.0 = Release|Any CPU
		{C3D4E5F6-A7B8-9012-CDEF-123456789012}.Release|x86.ActiveCfg = Release|Any CPU
		{C3D4E5F6-A7B8-9012-CDEF-123456789012}.Release|x86.Build.0 = Release|Any CPU
		{01C061B1-FC65-4BC7-8070-20E0546093A2}.Debug|Any CPU.ActiveCfg = Debug|Any CPU
		{01C061B1-FC65-4BC7-8070-20E0546093A2}.Debug|Any CPU.Build.0 = Debug|Any CPU
		{01C061B1-FC65-4BC7-8070-20E0546093A2}.Debug|x64.ActiveCfg = Debug|Any CPU
		{01C061B1-FC65-4BC7-8070-20E0546093A2}.Debug|x64.Build.0 = Debug|Any CPU
		{01C061B1-FC65-4BC7-8070-20E0546093A2}.Debug|x86.ActiveCfg = Debug|Any CPU
		{01C061B1-FC65-4BC7-8070-20E0546093A2}.Debug|x86.Build.0 = Debug|Any CPU
		{01C061B1-FC65-4BC7-8070-20E0546093A2}.Release|Any CPU.ActiveCfg = Release|Any CPU
		{01C061B1-FC65-4BC7-8070-20E0546093A2}.Release|Any CPU.Build.0 = Release|Any CPU
		{01C061B1-FC65-4BC7-8070-20E0546093A2}.Release|x64.ActiveCfg = Release|Any CPU
		{01C061B1-FC65-4BC7-8070-20E0546093A2}.Release|x64.Build.0 = Release|Any CPU
		{01C061B1-FC65-4BC7-8070-20E0546093A2}.Release|x86.ActiveCfg = Release|Any CPU
		{01C061B1-FC65-4BC7-8070-20E0546093A2}.Release|x86.Build.0 = Release|Any CPU
		{5AEC20DF-260F-4F73-8EA6-E7C1178EABBA}.Debug|Any CPU.ActiveCfg = Debug|Any CPU
		{5AEC20DF-260F-4F73-8EA6-E7C1178EABBA}.Debug|Any CPU.Build.0 = Debug|Any CPU
		{5AEC20DF-260F-4F73-8EA6-E7C1178EABBA}.Debug|x64.ActiveCfg = Debug|Any CPU
		{5AEC20DF-260F-4F73-8EA6-E7C1178EABBA}.Debug|x64.Build.0 = Debug|Any CPU
		{5AEC20DF-260F-4F73-8EA6-E7C1178EABBA}.Debug|x86.ActiveCfg = Debug|Any CPU
		{5AEC20DF-260F-4F73-8EA6-E7C1178EABBA}.Debug|x86.Build.0 = Debug|Any CPU
		{5AEC20DF-260F-4F73-8EA6-E7C1178EABBA}.Release|Any CPU.ActiveCfg = Release|Any CPU
		{5AEC20DF-260F-4F73-8EA6-E7C1178EABBA}.Release|Any CPU.Build.0 = Release|Any CPU
		{5AEC20DF-260F-4F73-8EA6-E7C1178EABBA}.Release|x64.ActiveCfg = Release|Any CPU
		{5AEC20DF-260F-4F73-8EA6-E7C1178EABBA}.Release|x64.Build.0 = Release|Any CPU
		{5AEC20DF-260F-4F73-8EA6-E7C1178EABBA}.Release|x86.ActiveCfg = Release|Any CPU
		{5AEC20DF-260F-4F73-8EA6-E7C1178EABBA}.Release|x86.Build.0 = Release|Any CPU
		{60A08239-4C5B-4179-B941-E73072085AB1}.Debug|Any CPU.ActiveCfg = Debug|Any CPU
		{60A08239-4C5B-4179-B941-E73072085AB1}.Debug|Any CPU.Build.0 = Debug|Any CPU
		{60A08239-4C5B-4179-B941-E73072085AB1}.Debug|x64.ActiveCfg = Debug|Any CPU
		{60A08239-4C5B-4179-B941-E73072085AB1}.Debug|x64.Build.0 = Debug|Any CPU
		{60A08239-4C5B-4179-B941-E73072085AB1}.Debug|x86.ActiveCfg = Debug|Any CPU
		{60A08239-4C5B-4179-B941-E73072085AB1}.Debug|x86.Build.0 = Debug|Any CPU
		{60A08239-4C5B-4179-B941-E73072085AB1}.Release|Any CPU.ActiveCfg = Release|Any CPU
		{60A08239-4C5B-4179-B941-E73072085AB1}.Release|Any CPU.Build.0 = Release|Any CPU
		{60A08239-4C5B-4179-B941-E73072085AB1}.Release|x64.ActiveCfg = Release|Any CPU
		{60A08239-4C5B-4179-B941-E73072085AB1}.Release|x64.Build.0 = Release|Any CPU
		{60A08239-4C5B-4179-B941-E73072085AB1}.Release|x86.ActiveCfg = Release|Any CPU
		{60A08239-4C5B-4179-B941-E73072085AB1}.Release|x86.Build.0 = Release|Any CPU
		{9E18F265-8D2F-4E8E-9DE9-BC3DB1DAFF29}.Debug|Any CPU.ActiveCfg = Debug|Any CPU
		{9E18F265-8D2F-4E8E-9DE9-BC3DB1DAFF29}.Debug|Any CPU.Build.0 = Debug|Any CPU
		{9E18F265-8D2F-4E8E-9DE9-BC3DB1DAFF29}.Debug|x64.ActiveCfg = Debug|Any CPU
		{9E18F265-8D2F-4E8E-9DE9-BC3DB1DAFF29}.Debug|x64.Build.0 = Debug|Any CPU
		{9E18F265-8D2F-4E8E-9DE9-BC3DB1DAFF29}.Debug|x86.ActiveCfg = Debug|Any CPU
		{9E18F265-8D2F-4E8E-9DE9-BC3DB1DAFF29}.Debug|x86.Build.0 = Debug|Any CPU
		{9E18F265-8D2F-4E8E-9DE9-BC3DB1DAFF29}.Release|Any CPU.ActiveCfg = Release|Any CPU
		{9E18F265-8D2F-4E8E-9DE9-BC3DB1DAFF29}.Release|Any CPU.Build.0 = Release|Any CPU
		{9E18F265-8D2F-4E8E-9DE9-BC3DB1DAFF29}.Release|x64.ActiveCfg = Release|Any CPU
		{9E18F265-8D2F-4E8E-9DE9-BC3DB1DAFF29}.Release|x64.Build.0 = Release|Any CPU
		{9E18F265-8D2F-4E8E-9DE9-BC3DB1DAFF29}.Release|x86.ActiveCfg = Release|Any CPU
		{9E18F265-8D2F-4E8E-9DE9-BC3DB1DAFF29}.Release|x86.Build.0 = Release|Any CPU
	EndGlobalSection
	GlobalSection(SolutionProperties) = preSolution
		HideSolutionNode = FALSE
	EndGlobalSection
	GlobalSection(NestedProjects) = preSolution
		{01C061B1-FC65-4BC7-8070-20E0546093A2} = {03E39281-AF9D-4CF9-B3B0-D1EA20FCD0A1}
		{5AEC20DF-260F-4F73-8EA6-E7C1178EABBA} = {827E0CD3-B72D-47B6-A68D-7590B98EB39B}
		{60A08239-4C5B-4179-B941-E73072085AB1} = {827E0CD3-B72D-47B6-A68D-7590B98EB39B}
		{9E18F265-8D2F-4E8E-9DE9-BC3DB1DAFF29} = {827E0CD3-B72D-47B6-A68D-7590B98EB39B}
	EndGlobalSection
EndGlobal
